{
  "name": "teste-line-svg",
  "version": "1.0.0",
  "lockfileVersion": 2,
  "requires": true,
  "packages": {
    "": {
      "name": "teste-line-svg",
      "version": "1.0.0",
      "license": "ISC",
      "dependencies": {
        "cursor": "^0.1.5",
        "gsap": "^3.11.0",
        "matter-js": "^0.18.0",
        "mouse-follower": "^1.1.2",
        "smooth-scrollbar": "^8.7.5",
        "uuid": "^8.3.2"
      },
      "devDependencies": {}
    },
    "node_modules/core-js": {
      "version": "3.25.0",
      "resolved": "https://registry.npmjs.org/core-js/-/core-js-3.25.0.tgz",
      "integrity": "sha512-CVU1xvJEfJGhyCpBrzzzU1kjCfgsGUxhEvwUV2e/cOedYWHdmluamx+knDnmhqALddMG16fZvIqvs9aijsHHaA==",
      "hasInstallScript": true,
      "funding": {
        "type": "opencollective",
        "url": "https://opencollective.com/core-js"
      }
    },
    "node_modules/cursor": {
      "version": "0.1.5",
      "resolved": "https://registry.npmjs.org/cursor/-/cursor-0.1.5.tgz",
      "integrity": "sha512-SEhnxWKJdk3RTiSQ0VdHQ0XdCzGxMtrIpen+EaKmZNBzHBwlEaBFtzG11R7/8TR68FBA54Yp3UzayByFH9j1QQ=="
    },
    "node_modules/gsap": {
      "version": "3.11.0",
      "resolved": "https://registry.npmjs.org/gsap/-/gsap-3.11.0.tgz",
      "integrity": "sha512-TV5aFGqXht+0o/CelnhCikSe3QGeG+q1XA/fyFFsMzesILHgWgFWIz0NuXIgcMaL5h7MG2l+j0BTupS5YyYkrw=="
    },
    "node_modules/lodash-es": {
      "version": "4.17.21",
      "resolved": "https://registry.npmjs.org/lodash-es/-/lodash-es-4.17.21.tgz",
      "integrity": "sha512-mKnC+QJ9pWVzv+C4/U3rRsHapFfHvQFoFB92e52xeyGMcX6/OlIl78je1u8vePzYZSkkogMPJ2yjxxsb89cxyw=="
    },
    "node_modules/matter-js": {
      "version": "0.18.0",
      "resolved": "https://registry.npmjs.org/matter-js/-/matter-js-0.18.0.tgz",
      "integrity": "sha512-/ZVem4WygUnbmo/iE4oHZpZS97btfBtYy5Iwn1396vUZU7YhgVEN8J4UWwfZwY1ZqoTYlPgjvSw9WXauuXL0mg=="
    },
    "node_modules/mouse-follower": {
      "version": "1.1.2",
      "resolved": "https://registry.npmjs.org/mouse-follower/-/mouse-follower-1.1.2.tgz",
      "integrity": "sha512-Wa/3MKMNWW1qy7XuG34NMRAm504p0PckJU4yTyXCoNYFaaIcZi+bpnTg0L2u8QuGBYgs2ue84wGCPIaQQzRV3Q=="
    },
    "node_modules/smooth-scrollbar": {
      "version": "8.7.5",
      "resolved": "https://registry.npmjs.org/smooth-scrollbar/-/smooth-scrollbar-8.7.5.tgz",
      "integrity": "sha512-eH3SdXfZQLscgAl5dRZ+L24ALffXkPLuB9us03Kaf/kJO0JfYtsZ398WD36139Sv4GYIQQHgzYPCkQpeV0tJAQ==",
      "dependencies": {
        "core-js": "^3.6.4",
        "lodash-es": "^4.17.21",
        "tslib": "^1.10.0"
      }
    },
    "node_modules/tslib": {
      "version": "1.14.1",
      "resolved": "https://registry.npmjs.org/tslib/-/tslib-1.14.1.tgz",
      "integrity": "sha512-Xni35NKzjgMrwevysHTCArtLDpPvye8zV/0E4EyYn43P7/7qvQwPh9BGkHewbMulVntbigmcT7rdX3BNo9wRJg=="
    },
    "node_modules/uuid": {
      "version": "8.3.2",
      "resolved": "https://registry.npmjs.org/uuid/-/uuid-8.3.2.tgz",
      "integrity": "sha512-+NYs2QeMWy+GWFOEm9xnn6HCDp0l7QBD7ml8zLUmJ+93Q5NF0NocErnwkTkXVFNiX3/fpC6afS8Dhb/gz7R7eg==",
      "bin": {
        "uuid": "dist/bin/uuid"
      }
    }
  },
  "dependencies": {
    "core-js": {
      "version": "3.25.0",
      "resolved": "https://registry.npmjs.org/core-js/-/core-js-3.25.0.tgz",
      "integrity": "sha512-CVU1xvJEfJGhyCpBrzzzU1kjCfgsGUxhEvwUV2e/cOedYWHdmluamx+knDnmhqALddMG16fZvIqvs9aijsHHaA=="
    },
    "cursor": {
      "version": "0.1.5",
      "resolved": "https://registry.npmjs.org/cursor/-/cursor-0.1.5.tgz",
      "integrity": "sha512-SEhnxWKJdk3RTiSQ0VdHQ0XdCzGxMtrIpen+EaKmZNBzHBwlEaBFtzG11R7/8TR68FBA54Yp3UzayByFH9j1QQ=="
    },
    "gsap": {
      "version": "3.11.0",
      "resolved": "https://registry.npmjs.org/gsap/-/gsap-3.11.0.tgz",
      "integrity": "sha512-TV5aFGqXht+0o/CelnhCikSe3QGeG+q1XA/fyFFsMzesILHgWgFWIz0NuXIgcMaL5h7MG2l+j0BTupS5YyYkrw=="
    },
    "lodash-es": {
      "version": "4.17.21",
      "resolved": "https://registry.npmjs.org/lodash-es/-/lodash-es-4.17.21.tgz",
      "integrity": "sha512-mKnC+QJ9pWVzv+C4/U3rRsHapFfHvQFoFB92e52xeyGMcX6/OlIl78je1u8vePzYZSkkogMPJ2yjxxsb89cxyw=="
    },
    "matter-js": {
      "version": "0.18.0",
      "resolved": "https://registry.npmjs.org/matter-js/-/matter-js-0.18.0.tgz",
      "integrity": "sha512-/ZVem4WygUnbmo/iE4oHZpZS97btfBtYy5Iwn1396vUZU7YhgVEN8J4UWwfZwY1ZqoTYlPgjvSw9WXauuXL0mg=="
    },
    "mouse-follower": {
      "version": "1.1.2",
      "resolved": "https://registry.npmjs.org/mouse-follower/-/mouse-follower-1.1.2.tgz",
      "integrity": "sha512-Wa/3MKMNWW1qy7XuG34NMRAm504p0PckJU4yTyXCoNYFaaIcZi+bpnTg0L2u8QuGBYgs2ue84wGCPIaQQzRV3Q=="
    },
    "smooth-scrollbar": {
      "version": "8.7.5",
      "resolved": "https://registry.npmjs.org/smooth-scrollbar/-/smooth-scrollbar-8.7.5.tgz",
      "integrity": "sha512-eH3SdXfZQLscgAl5dRZ+L24ALffXkPLuB9us03Kaf/kJO0JfYtsZ398WD36139Sv4GYIQQHgzYPCkQpeV0tJAQ==",
      "requires": {
        "core-js": "^3.6.4",
        "lodash-es": "^4.17.21",
        "tslib": "^1.10.0"
      }
    },
    "tslib": {
      "version": "1.14.1",
      "resolved": "https://registry.npmjs.org/tslib/-/tslib-1.14.1.tgz",
      "integrity": "sha512-Xni35NKzjgMrwevysHTCArtLDpPvye8zV/0E4EyYn43P7/7qvQwPh9BGkHewbMulVntbigmcT7rdX3BNo9wRJg=="
    },
    "uuid": {
      "version": "8.3.2",
      "resolved": "https://registry.npmjs.org/uuid/-/uuid-8.3.2.tgz",
      "integrity": "sha512-+NYs2QeMWy+GWFOEm9xnn6HCDp0l7QBD7ml8zLUmJ+93Q5NF0NocErnwkTkXVFNiX3/fpC6afS8Dhb/gz7R7eg=="
    }
  }
}
